
Microsoft Visual Studio Solution File, Format Version 12.00
Project("{FAE04EC0-301F-11D3-BF4B-00C04F79EFBC}") = "Producer", "Producer\Producer.csproj", "{6FB1D4DC-C5B0-49DC-9EEB-907F458B54BC}"
EndProject
Project("{FAE04EC0-301F-11D3-BF4B-00C04F79EFBC}") = "Redis.Client", "Redis.Client\Redis.Client.csproj", "{CFB82FCA-DFCE-4D54-9836-CBFAA87A323D}"
EndProject
Global
	GlobalSection(SolutionConfigurationPlatforms) = preSolution
		Debug|Any CPU = Debug|Any CPU
		Release|Any CPU = Release|Any CPU
	EndGlobalSection
	GlobalSection(ProjectConfigurationPlatforms) = postSolution
		{6FB1D4DC-C5B0-49DC-9EEB-907F458B54BC}.Debug|Any CPU.ActiveCfg = Debug|Any CPU
		{6FB1D4DC-C5B0-49DC-9EEB-907F458B54BC}.Debug|Any CPU.Build.0 = Debug|Any CPU
		{6FB1D4DC-C5B0-49DC-9EEB-907F458B54BC}.Release|Any CPU.ActiveCfg = Release|Any CPU
		{6FB1D4DC-C5B0-49DC-9EEB-907F458B54BC}.Release|Any CPU.Build.0 = Release|Any CPU
		{CFB82FCA-DFCE-4D54-9836-CBFAA87A323D}.Debug|Any CPU.ActiveCfg = Debug|Any CPU
		{CFB82FCA-DFCE-4D54-9836-CBFAA87A323D}.Debug|Any CPU.Build.0 = Debug|Any CPU
		{CFB82FCA-DFCE-4D54-9836-CBFAA87A323D}.Release|Any CPU.ActiveCfg = Release|Any CPU
		{CFB82FCA-DFCE-4D54-9836-CBFAA87A323D}.Release|Any CPU.Build.0 = Release|Any CPU
	EndGlobalSection
EndGlobal
